
Microsoft Visual Studio Solution File, Format Version 12.00
# Visual Studio Version 17
VisualStudioVersion = 17.12.35309.182
MinimumVisualStudioVersion = 10.0.40219.1
Project("{FAE04EC0-301F-11D3-BF4B-00C04F79EFBC}") = "DotNet8", "src\DotNet8\DotNet8.csproj", "{9912B58A-9E7E-4C0B-AE7F-8B38816E8F48}"
EndProject
Project("{FAE04EC0-301F-11D3-BF4B-00C04F79EFBC}") = "DotNet7", "src\DotNet7\DotNet7.csproj", "{39496C0A-66BE-472F-B73E-05A7242A5938}"
EndProject
Project("{FAE04EC0-301F-11D3-BF4B-00C04F79EFBC}") = "DotNet6", "src\DotNet6\DotNet6.csproj", "{D39021AF-46C9-4025-A26F-5A0E02447F1B}"
EndProject
Global
	GlobalSection(SolutionConfigurationPlatforms) = preSolution
		Debug|Any CPU = Debug|Any CPU
		Release|Any CPU = Release|Any CPU
	EndGlobalSection
	GlobalSection(ProjectConfigurationPlatforms) = postSolution
		{9912B58A-9E7E-4C0B-AE7F-8B38816E8F48}.Debug|Any CPU.ActiveCfg = Debug|Any CPU
		{9912B58A-9E7E-4C0B-AE7F-8B38816E8F48}.Debug|Any CPU.Build.0 = Debug|Any CPU
		{9912B58A-9E7E-4C0B-AE7F-8B38816E8F48}.Release|Any CPU.ActiveCfg = Release|Any CPU
		{9912B58A-9E7E-4C0B-AE7F-8B38816E8F48}.Release|Any CPU.Build.0 = Release|Any CPU
		{39496C0A-66BE-472F-B73E-05A7242A5938}.Debug|Any CPU.ActiveCfg = Debug|Any CPU
		{39496C0A-66BE-472F-B73E-05A7242A5938}.Debug|Any CPU.Build.0 = Debug|Any CPU
		{39496C0A-66BE-472F-B73E-05A7242A5938}.Release|Any CPU.ActiveCfg = Release|Any CPU
		{39496C0A-66BE-472F-B73E-05A7242A5938}.Release|Any CPU.Build.0 = Release|Any CPU
		{D39021AF-46C9-4025-A26F-5A0E02447F1B}.Debug|Any CPU.ActiveCfg = Debug|Any CPU
		{D39021AF-46C9-4025-A26F-5A0E02447F1B}.Debug|Any CPU.Build.0 = Debug|Any CPU
		{D39021AF-46C9-4025-A26F-5A0E02447F1B}.Release|Any CPU.ActiveCfg = Release|Any CPU
		{D39021AF-46C9-4025-A26F-5A0E02447F1B}.Release|Any CPU.Build.0 = Release|Any CPU
	EndGlobalSection
	GlobalSection(SolutionProperties) = preSolution
		HideSolutionNode = FALSE
	EndGlobalSection
	GlobalSection(ExtensibilityGlobals) = postSolution
		SolutionGuid = {F27051C5-B342-4984-B83B-CF41F48FDDB9}
	EndGlobalSection
EndGlobal
